// !$*UTF8*$!
{
	archiveVersion = 1;
	classes = {
	};
	objectVersion = 50;
	objects = {

/* Begin PBXBuildFile section */
		9908EA2025FC6152006CF878 /* AppDelegate.m in Sources */ = {isa = PBXBuildFile; fileRef = 9908EA1F25FC6152006CF878 /* AppDelegate.m */; };
		9908EA2925FC6152006CF878 /* Main.storyboard in Resources */ = {isa = PBXBuildFile; fileRef = 9908EA2725FC6152006CF878 /* Main.storyboard */; };
		9908EA2B25FC6153006CF878 /* Assets.xcassets in Resources */ = {isa = PBXBuildFile; fileRef = 9908EA2A25FC6153006CF878 /* Assets.xcassets */; };
		9908EA2E25FC6153006CF878 /* LaunchScreen.storyboard in Resources */ = {isa = PBXBuildFile; fileRef = 9908EA2C25FC6153006CF878 /* LaunchScreen.storyboard */; };
		9908EA3125FC6153006CF878 /* main.m in Sources */ = {isa = PBXBuildFile; fileRef = 9908EA3025FC6153006CF878 /* main.m */; };
		9908EA3B25FC6309006CF878 /* HMViewController.m in Sources */ = {isa = PBXBuildFile; fileRef = 9908EA3A25FC6309006CF878 /* HMViewController.m */; };
		9908EA4325FC644B006CF878 /* HMSecondViewController.m in Sources */ = {isa = PBXBuildFile; fileRef = 9908EA4225FC644B006CF878 /* HMSecondViewController.m */; };
		E21B1581D2F0CE43EBA440E0 /* libPods-HMBlockTest.a in Frameworks */ = {isa = PBXBuildFile; fileRef = 14FECBE6881E92B2581FFD5F /* libPods-HMBlockTest.a */; };
/* End PBXBuildFile section */

/* Begin PBXFileReference section */
		14FECBE6881E92B2581FFD5F /* libPods-HMBlockTest.a */ = {isa = PBXFileReference; explicitFileType = archive.ar; includeInIndex = 0; path = "libPods-HMBlockTest.a"; sourceTree = BUILT_PRODUCTS_DIR; };
		7C0FC394664EA01D4E15887E /* Pods-HMBlockTest.debug.xcconfig */ = {isa = PBXFileReference; includeInIndex = 1; lastKnownFileType = text.xcconfig; name = "Pods-HMBlockTest.debug.xcconfig"; path = "Target Support Files/Pods-HMBlockTest/Pods-HMBlockTest.debug.xcconfig"; sourceTree = "<group>"; };
		9908EA1B25FC6152006CF878 /* HMBlockTest.app */ = {isa = PBXFileReference; explicitFileType = wrapper.application; includeInIndex = 0; path = HMBlockTest.app; sourceTree = BUILT_PRODUCTS_DIR; };
		9908EA1E25FC6152006CF878 /* AppDelegate.h */ = {isa = PBXFileReference; lastKnownFileType = sourcecode.c.h; path = AppDelegate.h; sourceTree = "<group>"; };
		9908EA1F25FC6152006CF878 /* AppDelegate.m */ = {isa = PBXFileReference; lastKnownFileType = sourcecode.c.objc; path = AppDelegate.m; sourceTree = "<group>"; };
		9908EA2825FC6152006CF878 /* Base */ = {isa = PBXFileReference; lastKnownFileType = file.storyboard; name = Base; path = Base.lproj/Main.storyboard; sourceTree = "<group>"; };
		9908EA2A25FC6153006CF878 /* Assets.xcassets */ = {isa = PBXFileReference; lastKnownFileType = folder.assetcatalog; path = Assets.xcassets; sourceTree = "<group>"; };
		9908EA2D25FC6153006CF878 /* Base */ = {isa = PBXFileReference; lastKnownFileType = file.storyboard; name = Base; path = Base.lproj/LaunchScreen.storyboard; sourceTree = "<group>"; };
		9908EA2F25FC6153006CF878 /* Info.plist */ = {isa = PBXFileReference; lastKnownFileType = text.plist.xml; path = Info.plist; sourceTree = "<group>"; };
		9908EA3025FC6153006CF878 /* main.m */ = {isa = PBXFileReference; lastKnownFileType = sourcecode.c.objc; path = main.m; sourceTree = "<group>"; };
		9908EA3925FC6309006CF878 /* HMViewController.h */ = {isa = PBXFileReference; lastKnownFileType = sourcecode.c.h; path = HMViewController.h; sourceTree = "<group>"; };
		9908EA3A25FC6309006CF878 /* HMViewController.m */ = {isa = PBXFileReference; lastKnownFileType = sourcecode.c.objc; path = HMViewController.m; sourceTree = "<group>"; };
		9908EA4125FC644B006CF878 /* HMSecondViewController.h */ = {isa = PBXFileReference; lastKnownFileType = sourcecode.c.h; path = HMSecondViewController.h; sourceTree = "<group>"; };
		9908EA4225FC644B006CF878 /* HMSecondViewController.m */ = {isa = PBXFileReference; lastKnownFileType = sourcecode.c.objc; path = HMSecondViewController.m; sourceTree = "<group>"; };
		E7C234C3E62F7D55E45C4893 /* Pods-HMBlockTest.release.xcconfig */ = {isa = PBXFileReference; includeInIndex = 1; lastKnownFileType = text.xcconfig; name = "Pods-HMBlockTest.release.xcconfig"; path = "Target Support Files/Pods-HMBlockTest/Pods-HMBlockTest.release.xcconfig"; sourceTree = "<group>"; };
/* End PBXFileReference section */

/* Begin PBXFrameworksBuildPhase section */
		9908EA1825FC6152006CF878 /* Frameworks */ = {
			isa = PBXFrameworksBuildPhase;
			buildActionMask = 2147483647;
			files = (
				E21B1581D2F0CE43EBA440E0 /* libPods-HMBlockTest.a in Frameworks */,
			);
			runOnlyForDeploymentPostprocessing = 0;
		};
/* End PBXFrameworksBuildPhase section */

/* Begin PBXGroup section */
		0984831EEBC2AC68994E9D5F /* Frameworks */ = {
			isa = PBXGroup;
			children = (
				14FECBE6881E92B2581FFD5F /* libPods-HMBlockTest.a */,
			);
			name = Frameworks;
			sourceTree = "<group>";
		};
		91D642F65D08FD17DC5213D5 /* Pods */ = {
			isa = PBXGroup;
			children = (
				7C0FC394664EA01D4E15887E /* Pods-HMBlockTest.debug.xcconfig */,
				E7C234C3E62F7D55E45C4893 /* Pods-HMBlockTest.release.xcconfig */,
			);
			path = Pods;
			sourceTree = "<group>";
		};
		9908EA1225FC6151006CF878 = {
			isa = PBXGroup;
			children = (
				9908EA1D25FC6152006CF878 /* HMBlockTest */,
				9908EA1C25FC6152006CF878 /* Products */,
				91D642F65D08FD17DC5213D5 /* Pods */,
				0984831EEBC2AC68994E9D5F /* Frameworks */,
			);
			sourceTree = "<group>";
		};
		9908EA1C25FC6152006CF878 /* Products */ = {
			isa = PBXGroup;
			children = (
				9908EA1B25FC6152006CF878 /* HMBlockTest.app */,
			);
			name = Products;
			sourceTree = "<group>";
		};
		9908EA1D25FC6152006CF878 /* HMBlockTest */ = {
			isa = PBXGroup;
			children = (
				9908EA1E25FC6152006CF878 /* AppDelegate.h */,
				9908EA1F25FC6152006CF878 /* AppDelegate.m */,
				9908EA2725FC6152006CF878 /* Main.storyboard */,
				9908EA2A25FC6153006CF878 /* Assets.xcassets */,
				9908EA2C25FC6153006CF878 /* LaunchScreen.storyboard */,
				9908EA2F25FC6153006CF878 /* Info.plist */,
				9908EA3025FC6153006CF878 /* main.m */,
				9908EA3925FC6309006CF878 /* HMViewController.h */,
				9908EA3A25FC6309006CF878 /* HMViewController.m */,
				9908EA4125FC644B006CF878 /* HMSecondViewController.h */,
				9908EA4225FC644B006CF878 /* HMSecondViewController.m */,
			);
			path = HMBlockTest;
			sourceTree = "<group>";
		};
/* End PBXGroup section */

/* Begin PBXNativeTarget section */
		9908EA1A25FC6152006CF878 /* HMBlockTest */ = {
			isa = PBXNativeTarget;
			buildConfigurationList = 9908EA3425FC6153006CF878 /* Build configuration list for PBXNativeTarget "HMBlockTest" */;
			buildPhases = (
				C7BD8D734BC0517625F0E693 /* [CP] Check Pods Manifest.lock */,
				9908EA1725FC6152006CF878 /* Sources */,
				9908EA1825FC6152006CF878 /* Frameworks */,
				9908EA1925FC6152006CF878 /* Resources */,
			);
			buildRules = (
			);
			dependencies = (
			);
			name = HMBlockTest;
			productName = HMBlockTest;
			productReference = 9908EA1B25FC6152006CF878 /* HMBlockTest.app */;
			productType = "com.apple.product-type.application";
		};
/* End PBXNativeTarget section */

/* Begin PBXProject section */
		9908EA1325FC6151006CF878 /* Project object */ = {
			isa = PBXProject;
			attributes = {
				LastUpgradeCheck = 1240;
				TargetAttributes = {
					9908EA1A25FC6152006CF878 = {
						CreatedOnToolsVersion = 12.4;
					};
				};
			};
			buildConfigurationList = 9908EA1625FC6151006CF878 /* Build configuration list for PBXProject "HMBlockTest" */;
			compatibilityVersion = "Xcode 9.3";
			developmentRegion = en;
			hasScannedForEncodings = 0;
			knownRegions = (
				en,
				Base,
			);
			mainGroup = 9908EA1225FC6151006CF878;
			productRefGroup = 9908EA1C25FC6152006CF878 /* Products */;
			projectDirPath = "";
			projectRoot = "";
			targets = (
				9908EA1A25FC6152006CF878 /* HMBlockTest */,
			);
		};
/* End PBXProject section */

/* Begin PBXResourcesBuildPhase section */
		9908EA1925FC6152006CF878 /* Resources */ = {
			isa = PBXResourcesBuildPhase;
			buildActionMask = 2147483647;
			files = (
				9908EA2E25FC6153006CF878 /* LaunchScreen.storyboard in Resources */,
				9908EA2B25FC6153006CF878 /* Assets.xcassets in Resources */,
				9908EA2925FC6152006CF878 /* Main.storyboard in Resources */,
			);
			runOnlyForDeploymentPostprocessing = 0;
		};
/* End PBXResourcesBuildPhase section */

/* Begin PBXShellScriptBuildPhase section */
		C7BD8D734BC0517625F0E693 /* [CP] Check Pods Manifest.lock */ = {
			isa = PBXShellScriptBuildPhase;
			buildActionMask = 2147483647;
			files = (
			);
			inputFileListPaths = (
			);
			inputPaths = (
				"${PODS_PODFILE_DIR_PATH}/Podfile.lock",
				"${PODS_ROOT}/Manifest.lock",
			);
			name = "[CP] Check Pods Manifest.lock";
			outputFileListPaths = (
			);
			outputPaths = (
				"$(DERIVED_FILE_DIR)/Pods-HMBlockTest-checkManifestLockResult.txt",
			);
			runOnlyForDeploymentPostprocessing = 0;
			shellPath = /bin/sh;
			shellScript = "diff \"${PODS_PODFILE_DIR_PATH}/Podfile.lock\" \"${PODS_ROOT}/Manifest.lock\" > /dev/null\nif [ $? != 0 ] ; then\n    # print error to STDERR\n    echo \"error: The sandbox is not in sync with the Podfile.lock. Run 'pod install' or update your CocoaPods installation.\" >&2\n    exit 1\nfi\n# This output is used by Xcode 'outputs' to avoid re-running this script phase.\necho \"SUCCESS\" > \"${SCRIPT_OUTPUT_FILE_0}\"\n";
			showEnvVarsInLog = 0;
		};
/* End PBXShellScriptBuildPhase section */

/* Begin PBXSourcesBuildPhase section */
		9908EA1725FC6152006CF878 /* Sources */ = {
			isa = PBXSourcesBuildPhase;
			buildActionMask = 2147483647;
			files = (
				9908EA3B25FC6309006CF878 /* HMViewController.m in Sources */,
				9908EA2025FC6152006CF878 /* AppDelegate.m in Sources */,
				9908EA3125FC6153006CF878 /* main.m in Sources */,
				9908EA4325FC644B006CF878 /* HMSecondViewController.m in Sources */,
			);
			runOnlyForDeploymentPostprocessing = 0;
		};
/* End PBXSourcesBuildPhase section */

/* Begin PBXVariantGroup section */
		9908EA2725FC6152006CF878 /* Main.storyboard */ = {
			isa = PBXVariantGroup;
			children = (
				9908EA2825FC6152006CF878 /* Base */,
			);
			name = Main.storyboard;
			sourceTree = "<group>";
		};
		9908EA2C25FC6153006CF878 /* LaunchScreen.storyboard */ = {
			isa = PBXVariantGroup;
			children = (
				9908EA2D25FC6153006CF878 /* Base */,
			);
			name = LaunchScreen.storyboard;
			sourceTree = "<group>";
		};
/* End PBXVariantGroup section */

/* Begin XCBuildConfiguration section */
		9908EA3225FC6153006CF878 /* Debug */ = {
			isa = XCBuildConfiguration;
			buildSettings = {
				ALWAYS_SEARCH_USER_PATHS = NO;
				CLANG_ANALYZER_NONNULL = YES;
				CLANG_ANALYZER_NUMBER_OBJECT_CONVERSION = YES_AGGRESSIVE;
				CLANG_CXX_LANGUAGE_STANDARD = "gnu++14";
				CLANG_CXX_LIBRARY = "libc++";
				CLANG_ENABLE_MODULES = YES;
				CLANG_ENABLE_OBJC_ARC = YES;
				CLANG_ENABLE_OBJC_WEAK = YES;
				CLANG_WARN_BLOCK_CAPTURE_AUTORELEASING = YES;
				CLANG_WARN_BOOL_CONVERSION = YES;
				CLANG_WARN_COMMA = YES;
				CLANG_WARN_CONSTANT_CONVERSION = YES;
				CLANG_WARN_DEPRECATED_OBJC_IMPLEMENTATIONS = YES;
				CLANG_WARN_DIRECT_OBJC_ISA_USAGE = YES_ERROR;
				CLANG_WARN_DOCUMENTATION_COMMENTS = YES;
				CLANG_WARN_EMPTY_BODY = YES;
				CLANG_WARN_ENUM_CONVERSION = YES;
				CLANG_WARN_INFINITE_RECURSION = YES;
				CLANG_WARN_INT_CONVERSION = YES;
				CLANG_WARN_NON_LITERAL_NULL_CONVERSION = YES;
				CLANG_WARN_OBJC_IMPLICIT_RETAIN_SELF = YES;
				CLANG_WARN_OBJC_LITERAL_CONVERSION = YES;
				CLANG_WARN_OBJC_ROOT_CLASS = YES_ERROR;
				CLANG_WARN_QUOTED_INCLUDE_IN_FRAMEWORK_HEADER = YES;
				CLANG_WARN_RANGE_LOOP_ANALYSIS = YES;
				CLANG_WARN_STRICT_PROTOTYPES = YES;
				CLANG_WARN_SUSPICIOUS_MOVE = YES;
				CLANG_WARN_UNGUARDED_AVAILABILITY = YES_AGGRESSIVE;
				CLANG_WARN_UNREACHABLE_CODE = YES;
				CLANG_WARN__DUPLICATE_METHOD_MATCH = YES;
				COPY_PHASE_STRIP = NO;
				DEBUG_INFORMATION_FORMAT = dwarf;
				ENABLE_STRICT_OBJC_MSGSEND = YES;
				ENABLE_TESTABILITY = YES;
				GCC_C_LANGUAGE_STANDARD = gnu11;
				GCC_DYNAMIC_NO_PIC = NO;
				GCC_NO_COMMON_BLOCKS = YES;
				GCC_OPTIMIZATION_LEVEL = 0;
				GCC_PREPROCESSOR_DEFINITIONS = (
					"DEBUG=1",
					"$(inherited)",
				);
				GCC_WARN_64_TO_32_BIT_CONVERSION = YES;
				GCC_WARN_ABOUT_RETURN_TYPE = YES_ERROR;
				GCC_WARN_UNDECLARED_SELECTOR = YES;
				GCC_WARN_UNINITIALIZED_AUTOS = YES_AGGRESSIVE;
				GCC_WARN_UNUSED_FUNCTION = YES;
				GCC_WARN_UNUSED_VARIABLE = YES;
				IPHONEOS_DEPLOYMENT_TARGET = 14.4;
				MTL_ENABLE_DEBUG_INFO = INCLUDE_SOURCE;
				MTL_FAST_MATH = YES;
				ONLY_ACTIVE_ARCH = YES;
				SDKROOT = iphoneos;
			};
			name = Debug;
		};
		9908EA3325FC6153006CF878 /* Release */ = {
			isa = XCBuildConfiguration;
			buildSettings = {
				ALWAYS_SEARCH_USER_PATHS = NO;
				CLANG_ANALYZER_NONNULL = YES;
				CLANG_ANALYZER_NUMBER_OBJECT_CONVERSION = YES_AGGRESSIVE;
				CLANG_CXX_LANGUAGE_STANDARD = "gnu++14";
				CLANG_CXX_LIBRARY = "libc++";
				CLANG_ENABLE_MODULES = YES;
				CLANG_ENABLE_OBJC_ARC = YES;
				CLANG_ENABLE_OBJC_WEAK = YES;
				CLANG_WARN_BLOCK_CAPTURE_AUTORELEASING = YES;
				CLANG_WARN_BOOL_CONVERSION = YES;
				CLANG_WARN_COMMA = YES;
				CLANG_WARN_CONSTANT_CONVERSION = YES;
				CLANG_WARN_DEPRECATED_OBJC_IMPLEMENTATIONS = YES;
				CLANG_WARN_DIRECT_OBJC_ISA_USAGE = YES_ERROR;
				CLANG_WARN_DOCUMENTATION_COMMENTS = YES;
				CLANG_WARN_EMPTY_BODY = YES;
				CLANG_WARN_ENUM_CONVERSION = YES;
				CLANG_WARN_INFINITE_RECURSION = YES;
				CLANG_WARN_INT_CONVERSION = YES;
				CLANG_WARN_NON_LITERAL_NULL_CONVERSION = YES;
				CLANG_WARN_OBJC_IMPLICIT_RETAIN_SELF = YES;
				CLANG_WARN_OBJC_LITERAL_CONVERSION = YES;
				CLANG_WARN_OBJC_ROOT_CLASS = YES_ERROR;
				CLANG_WARN_QUOTED_INCLUDE_IN_FRAMEWORK_HEADER = YES;
				CLANG_WARN_RANGE_LOOP_ANALYSIS = YES;
				CLANG_WARN_STRICT_PROTOTYPES = YES;
				CLANG_WARN_SUSPICIOUS_MOVE = YES;
				CLANG_WARN_UNGUARDED_AVAILABILITY = YES_AGGRESSIVE;
				CLANG_WARN_UNREACHABLE_CODE = YES;
				CLANG_WARN__DUPLICATE_METHOD_MATCH = YES;
				COPY_PHASE_STRIP = NO;
				DEBUG_INFORMATION_FORMAT = "dwarf-with-dsym";
				ENABLE_NS_ASSERTIONS = NO;
				ENABLE_STRICT_OBJC_MSGSEND = YES;
				GCC_C_LANGUAGE_STANDARD = gnu11;
				GCC_NO_COMMON_BLOCKS = YES;
				GCC_WARN_64_TO_32_BIT_CONVERSION = YES;
				GCC_WARN_ABOUT_RETURN_TYPE = YES_ERROR;
				GCC_WARN_UNDECLARED_SELECTOR = YES;
				GCC_WARN_UNINITIALIZED_AUTOS = YES_AGGRESSIVE;
				GCC_WARN_UNUSED_FUNCTION = YES;
				GCC_WARN_UNUSED_VARIABLE = YES;
				IPHONEOS_DEPLOYMENT_TARGET = 14.4;
				MTL_ENABLE_DEBUG_INFO = NO;
				MTL_FAST_MATH = YES;
				SDKROOT = iphoneos;
				VALIDATE_PRODUCT = YES;
			};
			name = Release;
		};
		9908EA3525FC6153006CF878 /* Debug */ = {
			isa = XCBuildConfiguration;
			baseConfigurationReference = 7C0FC394664EA01D4E15887E /* Pods-HMBlockTest.debug.xcconfig */;
			buildSettings = {
				ASSETCATALOG_COMPILER_APPICON_NAME = AppIcon;
				ASSETCATALOG_COMPILER_GLOBAL_ACCENT_COLOR_NAME = AccentColor;
				CODE_SIGN_STYLE = Automatic;
				DEVELOPMENT_TEAM = H9S7JXZ6J2;
				INFOPLIST_FILE = HMBlockTest/Info.plist;
				LD_RUNPATH_SEARCH_PATHS = (
					"$(inherited)",
					"@executable_path/Frameworks",
				);
				PRODUCT_BUNDLE_IDENTIFIER = com.QHM.HMBlockTest;
				PRODUCT_NAME = "$(TARGET_NAME)";
				TARGETED_DEVICE_FAMILY = "1,2";
			};
			name = Debug;
		};
		9908EA3625FC6153006CF878 /* Release */ = {
			isa = XCBuildConfiguration;
			baseConfigurationReference = E7C234C3E62F7D55E45C4893 /* Pods-HMBlockTest.release.xcconfig */;
			buildSettings = {
				ASSETCATALOG_COMPILER_APPICON_NAME = AppIcon;
				ASSETCATALOG_COMPILER_GLOBAL_ACCENT_COLOR_NAME = AccentColor;
				CODE_SIGN_STYLE = Automatic;
				DEVELOPMENT_TEAM = H9S7JXZ6J2;
				INFOPLIST_FILE = HMBlockTest/Info.plist;
				LD_RUNPATH_SEARCH_PATHS = (
					"$(inherited)",
					"@executable_path/Frameworks",
				);
				PRODUCT_BUNDLE_IDENTIFIER = com.QHM.HMBlockTest;
				PRODUCT_NAME = "$(TARGET_NAME)";
				TARGETED_DEVICE_FAMILY = "1,2";
			};
			name = Release;
		};
/* End XCBuildConfiguration section */

/* Begin XCConfigurationList section */
		9908EA1625FC6151006CF878 /* Build configuration list for PBXProject "HMBlockTest" */ = {
			isa = XCConfigurationList;
			buildConfigurations = (
				9908EA3225FC6153006CF878 /* Debug */,
				9908EA3325FC6153006CF878 /* Release */,
			);
			defaultConfigurationIsVisible = 0;
			defaultConfigurationName = Release;
		};
		9908EA3425FC6153006CF878 /* Build configuration list for PBXNativeTarget "HMBlockTest" */ = {
			isa = XCConfigurationList;
			buildConfigurations = (
				9908EA3525FC6153006CF878 /* Debug */,
				9908EA3625FC6153006CF878 /* Release */,
			);
			defaultConfigurationIsVisible = 0;
			defaultConfigurationName = Release;
		};
/* End XCConfigurationList section */
	};
	rootObject = 9908EA1325FC6151006CF878 /* Project object */;
}
